Microsoft Visual Studio Solution File, Format Version 12.00
# Visual Studio Version 17
VisualStudioVersion = 17.5.2.0
MinimumVisualStudioVersion = 10.0.40219.1
Project("{FAE04EC0-301F-11D3-BF4B-00C04F79EFBC}") = "MunicipalCitizenReportApp", "MunicipalCitizenReportApp.csproj", "{61DE5F26-79EB-B232-6ED4-66027FE13349}"
EndProject
Global
	GlobalSection(SolutionConfigurationPlatforms) = preSolution
		Debug|Any CPU = Debug|Any CPU
		Release|Any CPU = Release|Any CPU
	EndGlobalSection
	GlobalSection(ProjectConfigurationPlatforms) = postSolution
		{61DE5F26-79EB-B232-6ED4-66027FE13349}.Debug|Any CPU.ActiveCfg = Debug|Any CPU
		{61DE5F26-79EB-B232-6ED4-66027FE13349}.Debug|Any CPU.Build.0 = Debug|Any CPU
		{61DE5F26-79EB-B232-6ED4-66027FE13349}.Release|Any CPU.ActiveCfg = Release|Any CPU
		{61DE5F26-79EB-B232-6ED4-66027FE13349}.Release|Any CPU.Build.0 = Release|Any CPU
	EndGlobalSection
	GlobalSection(SolutionProperties) = preSolution
		HideSolutionNode = FALSE
	EndGlobalSection
	GlobalSection(ExtensibilityGlobals) = postSolution
		SolutionGuid = {0190FA0F-1474-46EB-97E3-88C08575C991}
	EndGlobalSection
EndGlobal
